
Microsoft Visual Studio Solution File, Format Version 12.00
# Visual Studio Version 17
VisualStudioVersion = 17.0.31903.59
MinimumVisualStudioVersion = 10.0.40219.1
Project("{FAE04EC0-301F-11D3-BF4B-00C04F79EFBC}") = "ConsoleAppProblem", "ConsoleAppProblem.csproj", "{34D31BA7-096E-4FDD-B141-50B311626AF2}"
EndProject
Global
	GlobalSection(SolutionConfigurationPlatforms) = preSolution
		Debug|Any CPU = Debug|Any CPU
		Release|Any CPU = Release|Any CPU
	EndGlobalSection
	GlobalSection(ProjectConfigurationPlatforms) = postSolution
		{34D31BA7-096E-4FDD-B141-50B311626AF2}.Debug|Any CPU.ActiveCfg = Debug|Any CPU
		{34D31BA7-096E-4FDD-B141-50B311626AF2}.Debug|Any CPU.Build.0 = Debug|Any CPU
		{34D31BA7-096E-4FDD-B141-50B311626AF2}.Release|Any CPU.ActiveCfg = Release|Any CPU
		{34D31BA7-096E-4FDD-B141-50B311626AF2}.Release|Any CPU.Build.0 = Release|Any CPU
	EndGlobalSection
	GlobalSection(SolutionProperties) = preSolution
		HideSolutionNode = FALSE
	EndGlobalSection
	GlobalSection(ExtensibilityGlobals) = postSolution
		SolutionGuid = {49E0424A-7B44-4F15-AC8A-40C2C3DD8FFD}
	EndGlobalSection
EndGlobal
